// !$*UTF8*$!
{
	archiveVersion = 1;
	classes = {
	};
	objectVersion = 56;
	objects = {

/* Begin PBXBuildFile section */
		624DB1392B1924E600C20C31 /* CatchMeApp.swift in Sources */ = {isa = PBXBuildFile; fileRef = 624DB1382B1924E600C20C31 /* CatchMeApp.swift */; };
		624DB13B2B1924E600C20C31 /* ContentView.swift in Sources */ = {isa = PBXBuildFile; fileRef = 624DB13A2B1924E600C20C31 /* ContentView.swift */; };
		624DB13D2B1924E700C20C31 /* Assets.xcassets in Resources */ = {isa = PBXBuildFile; fileRef = 624DB13C2B1924E700C20C31 /* Assets.xcassets */; };
		624DB1402B1924E700C20C31 /* Preview Assets.xcassets in Resources */ = {isa = PBXBuildFile; fileRef = 624DB13F2B1924E700C20C31 /* Preview Assets.xcassets */; };
		624DB14A2B1924E700C20C31 /* CatchMeTests.swift in Sources */ = {isa = PBXBuildFile; fileRef = 624DB1492B1924E700C20C31 /* CatchMeTests.swift */; };
		624DB1542B1924E700C20C31 /* CatchMeUITests.swift in Sources */ = {isa = PBXBuildFile; fileRef = 624DB1532B1924E700C20C31 /* CatchMeUITests.swift */; };
		624DB1562B1924E700C20C31 /* CatchMeUITestsLaunchTests.swift in Sources */ = {isa = PBXBuildFile; fileRef = 624DB1552B1924E700C20C31 /* CatchMeUITestsLaunchTests.swift */; };
		624DB1662B1926EE00C20C31 /* ItemModels.swift in Sources */ = {isa = PBXBuildFile; fileRef = 624DB1652B1926EE00C20C31 /* ItemModels.swift */; };
		624DB1682B19270400C20C31 /* ItemViewModel.swift in Sources */ = {isa = PBXBuildFile; fileRef = 624DB1672B19270400C20C31 /* ItemViewModel.swift */; };
		628000F82B2A909B003DB190 /* SwiftUIView.swift in Sources */ = {isa = PBXBuildFile; fileRef = 628000F72B2A909B003DB190 /* SwiftUIView.swift */; };
/* End PBXBuildFile section */

/* Begin PBXContainerItemProxy section */
		624DB1462B1924E700C20C31 /* PBXContainerItemProxy */ = {
			isa = PBXContainerItemProxy;
			containerPortal = 624DB12D2B1924E600C20C31 /* Project object */;
			proxyType = 1;
			remoteGlobalIDString = 624DB1342B1924E600C20C31;
			remoteInfo = CatchMe;
		};
		624DB1502B1924E700C20C31 /* PBXContainerItemProxy */ = {
			isa = PBXContainerItemProxy;
			containerPortal = 624DB12D2B1924E600C20C31 /* Project object */;
			proxyType = 1;
			remoteGlobalIDString = 624DB1342B1924E600C20C31;
			remoteInfo = CatchMe;
		};
/* End PBXContainerItemProxy section */

/* Begin PBXFileReference section */
		624DB1352B1924E600C20C31 /* CatchMe.app */ = {isa = PBXFileReference; explicitFileType = wrapper.application; includeInIndex = 0; path = CatchMe.app; sourceTree = BUILT_PRODUCTS_DIR; };
		624DB1382B1924E600C20C31 /* CatchMeApp.swift */ = {isa = PBXFileReference; lastKnownFileType = sourcecode.swift; path = CatchMeApp.swift; sourceTree = "<group>"; };
		624DB13A2B1924E600C20C31 /* ContentView.swift */ = {isa = PBXFileReference; lastKnownFileType = sourcecode.swift; path = ContentView.swift; sourceTree = "<group>"; };
		624DB13C2B1924E700C20C31 /* Assets.xcassets */ = {isa = PBXFileReference; lastKnownFileType = folder.assetcatalog; path = Assets.xcassets; sourceTree = "<group>"; };
		624DB13F2B1924E700C20C31 /* Preview Assets.xcassets */ = {isa = PBXFileReference; lastKnownFileType = folder.assetcatalog; path = "Preview Assets.xcassets"; sourceTree = "<group>"; };
		624DB1452B1924E700C20C31 /* CatchMeTests.xctest */ = {isa = PBXFileReference; explicitFileType = wrapper.cfbundle; includeInIndex = 0; path = CatchMeTests.xctest; sourceTree = BUILT_PRODUCTS_DIR; };
		624DB1492B1924E700C20C31 /* CatchMeTests.swift */ = {isa = PBXFileReference; lastKnownFileType = sourcecode.swift; path = CatchMeTests.swift; sourceTree = "<group>"; };
		624DB14F2B1924E700C20C31 /* CatchMeUITests.xctest */ = {isa = PBXFileReference; explicitFileType = wrapper.cfbundle; includeInIndex = 0; path = CatchMeUITests.xctest; sourceTree = BUILT_PRODUCTS_DIR; };
		624DB1532B1924E700C20C31 /* CatchMeUITests.swift */ = {isa = PBXFileReference; lastKnownFileType = sourcecode.swift; path = CatchMeUITests.swift; sourceTree = "<group>"; };
		624DB1552B1924E700C20C31 /* CatchMeUITestsLaunchTests.swift */ = {isa = PBXFileReference; lastKnownFileType = sourcecode.swift; path = CatchMeUITestsLaunchTests.swift; sourceTree = "<group>"; };
		624DB1652B1926EE00C20C31 /* ItemModels.swift */ = {isa = PBXFileReference; lastKnownFileType = sourcecode.swift; path = ItemModels.swift; sourceTree = "<group>"; };
		624DB1672B19270400C20C31 /* ItemViewModel.swift */ = {isa = PBXFileReference; lastKnownFileType = sourcecode.swift; path = ItemViewModel.swift; sourceTree = "<group>"; };
		628000F72B2A909B003DB190 /* SwiftUIView.swift */ = {isa = PBXFileReference; lastKnownFileType = sourcecode.swift; path = SwiftUIView.swift; sourceTree = "<group>"; };
/* End PBXFileReference section */

/* Begin PBXFrameworksBuildPhase section */
		624DB1322B1924E600C20C31 /* Frameworks */ = {
			isa = PBXFrameworksBuildPhase;
			buildActionMask = 2147483647;
			files = (
			);
			runOnlyForDeploymentPostprocessing = 0;
		};
		624DB1422B1924E700C20C31 /* Frameworks */ = {
			isa = PBXFrameworksBuildPhase;
			buildActionMask = 2147483647;
			files = (
			);
			runOnlyForDeploymentPostprocessing = 0;
		};
		624DB14C2B1924E700C20C31 /* Frameworks */ = {
			isa = PBXFrameworksBuildPhase;
			buildActionMask = 2147483647;
			files = (
			);
			runOnlyForDeploymentPostprocessing = 0;
		};
/* End PBXFrameworksBuildPhase section */

/* Begin PBXGroup section */
		624DB12C2B1924E600C20C31 = {
			isa = PBXGroup;
			children = (
				624DB1372B1924E600C20C31 /* CatchMe */,
				624DB1482B1924E700C20C31 /* CatchMeTests */,
				624DB1522B1924E700C20C31 /* CatchMeUITests */,
				624DB1362B1924E600C20C31 /* Products */,
			);
			sourceTree = "<group>";
		};
		624DB1362B1924E600C20C31 /* Products */ = {
			isa = PBXGroup;
			children = (
				624DB1352B1924E600C20C31 /* CatchMe.app */,
				624DB1452B1924E700C20C31 /* CatchMeTests.xctest */,
				624DB14F2B1924E700C20C31 /* CatchMeUITests.xctest */,
			);
			name = Products;
			sourceTree = "<group>";
		};
		624DB1372B1924E600C20C31 /* CatchMe */ = {
			isa = PBXGroup;
			children = (
				624DB1642B19262400C20C31 /* ViewModels */,
				624DB1632B19261F00C20C31 /* Views */,
				624DB1622B19261900C20C31 /* Models */,
				624DB1382B1924E600C20C31 /* CatchMeApp.swift */,
				624DB13C2B1924E700C20C31 /* Assets.xcassets */,
				624DB13E2B1924E700C20C31 /* Preview Content */,
				628000F72B2A909B003DB190 /* SwiftUIView.swift */,
			);
			path = CatchMe;
			sourceTree = "<group>";
		};
		624DB13E2B1924E700C20C31 /* Preview Content */ = {
			isa = PBXGroup;
			children = (
				624DB13F2B1924E700C20C31 /* Preview Assets.xcassets */,
			);
			path = "Preview Content";
			sourceTree = "<group>";
		};
		624DB1482B1924E700C20C31 /* CatchMeTests */ = {
			isa = PBXGroup;
			children = (
				624DB1492B1924E700C20C31 /* CatchMeTests.swift */,
			);
			path = CatchMeTests;
			sourceTree = "<group>";
		};
		624DB1522B1924E700C20C31 /* CatchMeUITests */ = {
			isa = PBXGroup;
			children = (
				624DB1532B1924E700C20C31 /* CatchMeUITests.swift */,
				624DB1552B1924E700C20C31 /* CatchMeUITestsLaunchTests.swift */,
			);
			path = CatchMeUITests;
			sourceTree = "<group>";
		};
		624DB1622B19261900C20C31 /* Models */ = {
			isa = PBXGroup;
			children = (
				624DB1652B1926EE00C20C31 /* ItemModels.swift */,
			);
			path = Models;
			sourceTree = "<group>";
		};
		624DB1632B19261F00C20C31 /* Views */ = {
			isa = PBXGroup;
			children = (
				624DB13A2B1924E600C20C31 /* ContentView.swift */,
			);
			path = Views;
			sourceTree = "<group>";
		};
		624DB1642B19262400C20C31 /* ViewModels */ = {
			isa = PBXGroup;
			children = (
				624DB1672B19270400C20C31 /* ItemViewModel.swift */,
			);
			path = ViewModels;
			sourceTree = "<group>";
		};
/* End PBXGroup section */

/* Begin PBXNativeTarget section */
		624DB1342B1924E600C20C31 /* CatchMe */ = {
			isa = PBXNativeTarget;
			buildConfigurationList = 624DB1592B1924E700C20C31 /* Build configuration list for PBXNativeTarget "CatchMe" */;
			buildPhases = (
				624DB1312B1924E600C20C31 /* Sources */,
				624DB1322B1924E600C20C31 /* Frameworks */,
				624DB1332B1924E600C20C31 /* Resources */,
			);
			buildRules = (
			);
			dependencies = (
			);
			name = CatchMe;
			productName = CatchMe;
			productReference = 624DB1352B1924E600C20C31 /* CatchMe.app */;
			productType = "com.apple.product-type.application";
		};
		624DB1442B1924E700C20C31 /* CatchMeTests */ = {
			isa = PBXNativeTarget;
			buildConfigurationList = 624DB15C2B1924E700C20C31 /* Build configuration list for PBXNativeTarget "CatchMeTests" */;
			buildPhases = (
				624DB1412B1924E700C20C31 /* Sources */,
				624DB1422B1924E700C20C31 /* Frameworks */,
				624DB1432B1924E700C20C31 /* Resources */,
			);
			buildRules = (
			);
			dependencies = (
				624DB1472B1924E700C20C31 /* PBXTargetDependency */,
			);
			name = CatchMeTests;
			productName = CatchMeTests;
			productReference = 624DB1452B1924E700C20C31 /* CatchMeTests.xctest */;
			productType = "com.apple.product-type.bundle.unit-test";
		};
		624DB14E2B1924E700C20C31 /* CatchMeUITests */ = {
			isa = PBXNativeTarget;
			buildConfigurationList = 624DB15F2B1924E700C20C31 /* Build configuration list for PBXNativeTarget "CatchMeUITests" */;
			buildPhases = (
				624DB14B2B1924E700C20C31 /* Sources */,
				624DB14C2B1924E700C20C31 /* Frameworks */,
				624DB14D2B1924E700C20C31 /* Resources */,
			);
			buildRules = (
			);
			dependencies = (
				624DB1512B1924E700C20C31 /* PBXTargetDependency */,
			);
			name = CatchMeUITests;
			productName = CatchMeUITests;
			productReference = 624DB14F2B1924E700C20C31 /* CatchMeUITests.xctest */;
			productType = "com.apple.product-type.bundle.ui-testing";
		};
/* End PBXNativeTarget section */

/* Begin PBXProject section */
		624DB12D2B1924E600C20C31 /* Project object */ = {
			isa = PBXProject;
			attributes = {
				BuildIndependentTargetsInParallel = 1;
				LastSwiftUpdateCheck = 1500;
				LastUpgradeCheck = 1500;
				TargetAttributes = {
					624DB1342B1924E600C20C31 = {
						CreatedOnToolsVersion = 15.0;
					};
					624DB1442B1924E700C20C31 = {
						CreatedOnToolsVersion = 15.0;
						TestTargetID = 624DB1342B1924E600C20C31;
					};
					624DB14E2B1924E700C20C31 = {
						CreatedOnToolsVersion = 15.0;
						TestTargetID = 624DB1342B1924E600C20C31;
					};
				};
			};
			buildConfigurationList = 624DB1302B1924E600C20C31 /* Build configuration list for PBXProject "CatchMe" */;
			compatibilityVersion = "Xcode 14.0";
			developmentRegion = en;
			hasScannedForEncodings = 0;
			knownRegions = (
				en,
				Base,
			);
			mainGroup = 624DB12C2B1924E600C20C31;
			productRefGroup = 624DB1362B1924E600C20C31 /* Products */;
			projectDirPath = "";
			projectRoot = "";
			targets = (
				624DB1342B1924E600C20C31 /* CatchMe */,
				624DB1442B1924E700C20C31 /* CatchMeTests */,
				624DB14E2B1924E700C20C31 /* CatchMeUITests */,
			);
		};
/* End PBXProject section */

/* Begin PBXResourcesBuildPhase section */
		624DB1332B1924E600C20C31 /* Resources */ = {
			isa = PBXResourcesBuildPhase;
			buildActionMask = 2147483647;
			files = (
				624DB1402B1924E700C20C31 /* Preview Assets.xcassets in Resources */,
				624DB13D2B1924E700C20C31 /* Assets.xcassets in Resources */,
			);
			runOnlyForDeploymentPostprocessing = 0;
		};
		624DB1432B1924E700C20C31 /* Resources */ = {
			isa = PBXResourcesBuildPhase;
			buildActionMask = 2147483647;
			files = (
			);
			runOnlyForDeploymentPostprocessing = 0;
		};
		624DB14D2B1924E700C20C31 /* Resources */ = {
			isa = PBXResourcesBuildPhase;
			buildActionMask = 2147483647;
			files = (
			);
			runOnlyForDeploymentPostprocessing = 0;
		};
/* End PBXResourcesBuildPhase section */

/* Begin PBXSourcesBuildPhase section */
		624DB1312B1924E600C20C31 /* Sources */ = {
			isa = PBXSourcesBuildPhase;
			buildActionMask = 2147483647;
			files = (
				624DB1662B1926EE00C20C31 /* ItemModels.swift in Sources */,
				624DB1682B19270400C20C31 /* ItemViewModel.swift in Sources */,
				624DB13B2B1924E600C20C31 /* ContentView.swift in Sources */,
				624DB1392B1924E600C20C31 /* CatchMeApp.swift in Sources */,
				628000F82B2A909B003DB190 /* SwiftUIView.swift in Sources */,
			);
			runOnlyForDeploymentPostprocessing = 0;
		};
		624DB1412B1924E700C20C31 /* Sources */ = {
			isa = PBXSourcesBuildPhase;
			buildActionMask = 2147483647;
			files = (
				624DB14A2B1924E700C20C31 /* CatchMeTests.swift in Sources */,
			);
			runOnlyForDeploymentPostprocessing = 0;
		};
		624DB14B2B1924E700C20C31 /* Sources */ = {
			isa = PBXSourcesBuildPhase;
			buildActionMask = 2147483647;
			files = (
				624DB1562B1924E700C20C31 /* CatchMeUITestsLaunchTests.swift in Sources */,
				624DB1542B1924E700C20C31 /* CatchMeUITests.swift in Sources */,
			);
			runOnlyForDeploymentPostprocessing = 0;
		};
/* End PBXSourcesBuildPhase section */

/* Begin PBXTargetDependency section */
		624DB1472B1924E700C20C31 /* PBXTargetDependency */ = {
			isa = PBXTargetDependency;
			target = 624DB1342B1924E600C20C31 /* CatchMe */;
			targetProxy = 624DB1462B1924E700C20C31 /* PBXContainerItemProxy */;
		};
		624DB1512B1924E700C20C31 /* PBXTargetDependency */ = {
			isa = PBXTargetDependency;
			target = 624DB1342B1924E600C20C31 /* CatchMe */;
			targetProxy = 624DB1502B1924E700C20C31 /* PBXContainerItemProxy */;
		};
/* End PBXTargetDependency section */

/* Begin XCBuildConfiguration section */
		624DB1572B1924E700C20C31 /* Debug */ = {
			isa = XCBuildConfiguration;
			buildSettings = {
				ALWAYS_SEARCH_USER_PATHS = NO;
				ASSETCATALOG_COMPILER_GENERATE_SWIFT_ASSET_SYMBOL_EXTENSIONS = YES;
				CLANG_ANALYZER_NONNULL = YES;
				CLANG_ANALYZER_NUMBER_OBJECT_CONVERSION = YES_AGGRESSIVE;
				CLANG_CXX_LANGUAGE_STANDARD = "gnu++20";
				CLANG_ENABLE_MODULES = YES;
				CLANG_ENABLE_OBJC_ARC = YES;
				CLANG_ENABLE_OBJC_WEAK = YES;
				CLANG_WARN_BLOCK_CAPTURE_AUTORELEASING = YES;
				CLANG_WARN_BOOL_CONVERSION = YES;
				CLANG_WARN_COMMA = YES;
				CLANG_WARN_CONSTANT_CONVERSION = YES;
				CLANG_WARN_DEPRECATED_OBJC_IMPLEMENTATIONS = YES;
				CLANG_WARN_DIRECT_OBJC_ISA_USAGE = YES_ERROR;
				CLANG_WARN_DOCUMENTATION_COMMENTS = YES;
				CLANG_WARN_EMPTY_BODY = YES;
				CLANG_WARN_ENUM_CONVERSION = YES;
				CLANG_WARN_INFINITE_RECURSION = YES;
				CLANG_WARN_INT_CONVERSION = YES;
				CLANG_WARN_NON_LITERAL_NULL_CONVERSION = YES;
				CLANG_WARN_OBJC_IMPLICIT_RETAIN_SELF = YES;
				CLANG_WARN_OBJC_LITERAL_CONVERSION = YES;
				CLANG_WARN_OBJC_ROOT_CLASS = YES_ERROR;
				CLANG_WARN_QUOTED_INCLUDE_IN_FRAMEWORK_HEADER = YES;
				CLANG_WARN_RANGE_LOOP_ANALYSIS = YES;
				CLANG_WARN_STRICT_PROTOTYPES = YES;
				CLANG_WARN_SUSPICIOUS_MOVE = YES;
				CLANG_WARN_UNGUARDED_AVAILABILITY = YES_AGGRESSIVE;
				CLANG_WARN_UNREACHABLE_CODE = YES;
				CLANG_WARN__DUPLICATE_METHOD_MATCH = YES;
				COPY_PHASE_STRIP = NO;
				DEBUG_INFORMATION_FORMAT = dwarf;
				ENABLE_STRICT_OBJC_MSGSEND = YES;
				ENABLE_TESTABILITY = YES;
				ENABLE_USER_SCRIPT_SANDBOXING = YES;
				GCC_C_LANGUAGE_STANDARD = gnu17;
				GCC_DYNAMIC_NO_PIC = NO;
				GCC_NO_COMMON_BLOCKS = YES;
				GCC_OPTIMIZATION_LEVEL = 0;
				GCC_PREPROCESSOR_DEFINITIONS = (
					"DEBUG=1",
					"$(inherited)",
				);
				GCC_WARN_64_TO_32_BIT_CONVERSION = YES;
				GCC_WARN_ABOUT_RETURN_TYPE = YES_ERROR;
				GCC_WARN_UNDECLARED_SELECTOR = YES;
				GCC_WARN_UNINITIALIZED_AUTOS = YES_AGGRESSIVE;
				GCC_WARN_UNUSED_FUNCTION = YES;
				GCC_WARN_UNUSED_VARIABLE = YES;
				IPHONEOS_DEPLOYMENT_TARGET = 17.0;
				LOCALIZATION_PREFERS_STRING_CATALOGS = YES;
				MTL_ENABLE_DEBUG_INFO = INCLUDE_SOURCE;
				MTL_FAST_MATH = YES;
				ONLY_ACTIVE_ARCH = YES;
				SDKROOT = iphoneos;
				SWIFT_ACTIVE_COMPILATION_CONDITIONS = "DEBUG $(inherited)";
				SWIFT_OPTIMIZATION_LEVEL = "-Onone";
			};
			name = Debug;
		};
		624DB1582B1924E700C20C31 /* Release */ = {
			isa = XCBuildConfiguration;
			buildSettings = {
				ALWAYS_SEARCH_USER_PATHS = NO;
				ASSETCATALOG_COMPILER_GENERATE_SWIFT_ASSET_SYMBOL_EXTENSIONS = YES;
				CLANG_ANALYZER_NONNULL = YES;
				CLANG_ANALYZER_NUMBER_OBJECT_CONVERSION = YES_AGGRESSIVE;
				CLANG_CXX_LANGUAGE_STANDARD = "gnu++20";
				CLANG_ENABLE_MODULES = YES;
				CLANG_ENABLE_OBJC_ARC = YES;
				CLANG_ENABLE_OBJC_WEAK = YES;
				CLANG_WARN_BLOCK_CAPTURE_AUTORELEASING = YES;
				CLANG_WARN_BOOL_CONVERSION = YES;
				CLANG_WARN_COMMA = YES;
				CLANG_WARN_CONSTANT_CONVERSION = YES;
				CLANG_WARN_DEPRECATED_OBJC_IMPLEMENTATIONS = YES;
				CLANG_WARN_DIRECT_OBJC_ISA_USAGE = YES_ERROR;
				CLANG_WARN_DOCUMENTATION_COMMENTS = YES;
				CLANG_WARN_EMPTY_BODY = YES;
				CLANG_WARN_ENUM_CONVERSION = YES;
				CLANG_WARN_INFINITE_RECURSION = YES;
				CLANG_WARN_INT_CONVERSION = YES;
				CLANG_WARN_NON_LITERAL_NULL_CONVERSION = YES;
				CLANG_WARN_OBJC_IMPLICIT_RETAIN_SELF = YES;
				CLANG_WARN_OBJC_LITERAL_CONVERSION = YES;
				CLANG_WARN_OBJC_ROOT_CLASS = YES_ERROR;
				CLANG_WARN_QUOTED_INCLUDE_IN_FRAMEWORK_HEADER = YES;
				CLANG_WARN_RANGE_LOOP_ANALYSIS = YES;
				CLANG_WARN_STRICT_PROTOTYPES = YES;
				CLANG_WARN_SUSPICIOUS_MOVE = YES;
				CLANG_WARN_UNGUARDED_AVAILABILITY = YES_AGGRESSIVE;
				CLANG_WARN_UNREACHABLE_CODE = YES;
				CLANG_WARN__DUPLICATE_METHOD_MATCH = YES;
				COPY_PHASE_STRIP = NO;
				DEBUG_INFORMATION_FORMAT = "dwarf-with-dsym";
				ENABLE_NS_ASSERTIONS = NO;
				ENABLE_STRICT_OBJC_MSGSEND = YES;
				ENABLE_USER_SCRIPT_SANDBOXING = YES;
				GCC_C_LANGUAGE_STANDARD = gnu17;
				GCC_NO_COMMON_BLOCKS = YES;
				GCC_WARN_64_TO_32_BIT_CONVERSION = YES;
				GCC_WARN_ABOUT_RETURN_TYPE = YES_ERROR;
				GCC_WARN_UNDECLARED_SELECTOR = YES;
				GCC_WARN_UNINITIALIZED_AUTOS = YES_AGGRESSIVE;
				GCC_WARN_UNUSED_FUNCTION = YES;
				GCC_WARN_UNUSED_VARIABLE = YES;
				IPHONEOS_DEPLOYMENT_TARGET = 17.0;
				LOCALIZATION_PREFERS_STRING_CATALOGS = YES;
				MTL_ENABLE_DEBUG_INFO = NO;
				MTL_FAST_MATH = YES;
				SDKROOT = iphoneos;
				SWIFT_COMPILATION_MODE = wholemodule;
				VALIDATE_PRODUCT = YES;
			};
			name = Release;
		};
		624DB15A2B1924E700C20C31 /* Debug */ = {
			isa = XCBuildConfiguration;
			buildSettings = {
				ASSETCATALOG_COMPILER_APPICON_NAME = AppIcon;
				ASSETCATALOG_COMPILER_GLOBAL_ACCENT_COLOR_NAME = AccentColor;
				CODE_SIGN_STYLE = Automatic;
				CURRENT_PROJECT_VERSION = 1;
				DEVELOPMENT_ASSET_PATHS = "\"CatchMe/Preview Content\"";
				DEVELOPMENT_TEAM = PBX6J6U58R;
				ENABLE_PREVIEWS = YES;
				GENERATE_INFOPLIST_FILE = YES;
				INFOPLIST_KEY_UIApplicationSceneManifest_Generation = YES;
				INFOPLIST_KEY_UIApplicationSupportsIndirectInputEvents = YES;
				INFOPLIST_KEY_UILaunchScreen_Generation = YES;
				INFOPLIST_KEY_UISupportedInterfaceOrientations_iPad = "UIInterfaceOrientationPortrait UIInterfaceOrientationPortraitUpsideDown UIInterfaceOrientationLandscapeLeft UIInterfaceOrientationLandscapeRight";
				INFOPLIST_KEY_UISupportedInterfaceOrientations_iPhone = "UIInterfaceOrientationPortrait UIInterfaceOrientationLandscapeLeft UIInterfaceOrientationLandscapeRight";
				LD_RUNPATH_SEARCH_PATHS = (
					"$(inherited)",
					"@executable_path/Frameworks",
				);
				MARKETING_VERSION = 1.0;
				PRODUCT_BUNDLE_IDENTIFIER = Khafajii.CatchMe;
				PRODUCT_NAME = "$(TARGET_NAME)";
				SWIFT_EMIT_LOC_STRINGS = YES;
				SWIFT_VERSION = 5.0;
				TARGETED_DEVICE_FAMILY = "1,2";
			};
			name = Debug;
		};
		624DB15B2B1924E700C20C31 /* Release */ = {
			isa = XCBuildConfiguration;
			buildSettings = {
				ASSETCATALOG_COMPILER_APPICON_NAME = AppIcon;
				ASSETCATALOG_COMPILER_GLOBAL_ACCENT_COLOR_NAME = AccentColor;
				CODE_SIGN_STYLE = Automatic;
				CURRENT_PROJECT_VERSION = 1;
				DEVELOPMENT_ASSET_PATHS = "\"CatchMe/Preview Content\"";
				DEVELOPMENT_TEAM = PBX6J6U58R;
				ENABLE_PREVIEWS = YES;
				GENERATE_INFOPLIST_FILE = YES;
				INFOPLIST_KEY_UIApplicationSceneManifest_Generation = YES;
				INFOPLIST_KEY_UIApplicationSupportsIndirectInputEvents = YES;
				INFOPLIST_KEY_UILaunchScreen_Generation = YES;
				INFOPLIST_KEY_UISupportedInterfaceOrientations_iPad = "UIInterfaceOrientationPortrait UIInterfaceOrientationPortraitUpsideDown UIInterfaceOrientationLandscapeLeft UIInterfaceOrientationLandscapeRight";
				INFOPLIST_KEY_UISupportedInterfaceOrientations_iPhone = "UIInterfaceOrientationPortrait UIInterfaceOrientationLandscapeLeft UIInterfaceOrientationLandscapeRight";
				LD_RUNPATH_SEARCH_PATHS = (
					"$(inherited)",
					"@executable_path/Frameworks",
				);
				MARKETING_VERSION = 1.0;
				PRODUCT_BUNDLE_IDENTIFIER = Khafajii.CatchMe;
				PRODUCT_NAME = "$(TARGET_NAME)";
				SWIFT_EMIT_LOC_STRINGS = YES;
				SWIFT_VERSION = 5.0;
				TARGETED_DEVICE_FAMILY = "1,2";
			};
			name = Release;
		};
		624DB15D2B1924E700C20C31 /* Debug */ = {
			isa = XCBuildConfiguration;
			buildSettings = {
				ALWAYS_EMBED_SWIFT_STANDARD_LIBRARIES = YES;
				BUNDLE_LOADER = "$(TEST_HOST)";
				CODE_SIGN_STYLE = Automatic;
				CURRENT_PROJECT_VERSION = 1;
				DEVELOPMENT_TEAM = PBX6J6U58R;
				GENERATE_INFOPLIST_FILE = YES;
				IPHONEOS_DEPLOYMENT_TARGET = 17.0;
				MARKETING_VERSION = 1.0;
				PRODUCT_BUNDLE_IDENTIFIER = Khafajii.CatchMeTests;
				PRODUCT_NAME = "$(TARGET_NAME)";
				SWIFT_EMIT_LOC_STRINGS = NO;
				SWIFT_VERSION = 5.0;
				TARGETED_DEVICE_FAMILY = "1,2";
				TEST_HOST = "$(BUILT_PRODUCTS_DIR)/CatchMe.app/$(BUNDLE_EXECUTABLE_FOLDER_PATH)/CatchMe";
			};
			name = Debug;
		};
		624DB15E2B1924E700C20C31 /* Release */ = {
			isa = XCBuildConfiguration;
			buildSettings = {
				ALWAYS_EMBED_SWIFT_STANDARD_LIBRARIES = YES;
				BUNDLE_LOADER = "$(TEST_HOST)";
				CODE_SIGN_STYLE = Automatic;
				CURRENT_PROJECT_VERSION = 1;
				DEVELOPMENT_TEAM = PBX6J6U58R;
				GENERATE_INFOPLIST_FILE = YES;
				IPHONEOS_DEPLOYMENT_TARGET = 17.0;
				MARKETING_VERSION = 1.0;
				PRODUCT_BUNDLE_IDENTIFIER = Khafajii.CatchMeTests;
				PRODUCT_NAME = "$(TARGET_NAME)";
				SWIFT_EMIT_LOC_STRINGS = NO;
				SWIFT_VERSION = 5.0;
				TARGETED_DEVICE_FAMILY = "1,2";
				TEST_HOST = "$(BUILT_PRODUCTS_DIR)/CatchMe.app/$(BUNDLE_EXECUTABLE_FOLDER_PATH)/CatchMe";
			};
			name = Release;
		};
		624DB1602B1924E700C20C31 /* Debug */ = {
			isa = XCBuildConfiguration;
			buildSettings = {
				ALWAYS_EMBED_SWIFT_STANDARD_LIBRARIES = YES;
				CODE_SIGN_STYLE = Automatic;
				CURRENT_PROJECT_VERSION = 1;
				DEVELOPMENT_TEAM = PBX6J6U58R;
				GENERATE_INFOPLIST_FILE = YES;
				MARKETING_VERSION = 1.0;
				PRODUCT_BUNDLE_IDENTIFIER = Khafajii.CatchMeUITests;
				PRODUCT_NAME = "$(TARGET_NAME)";
				SWIFT_EMIT_LOC_STRINGS = NO;
				SWIFT_VERSION = 5.0;
				TARGETED_DEVICE_FAMILY = "1,2";
				TEST_TARGET_NAME = CatchMe;
			};
			name = Debug;
		};
		624DB1612B1924E700C20C31 /* Release */ = {
			isa = XCBuildConfiguration;
			buildSettings = {
				ALWAYS_EMBED_SWIFT_STANDARD_LIBRARIES = YES;
				CODE_SIGN_STYLE = Automatic;
				CURRENT_PROJECT_VERSION = 1;
				DEVELOPMENT_TEAM = PBX6J6U58R;
				GENERATE_INFOPLIST_FILE = YES;
				MARKETING_VERSION = 1.0;
				PRODUCT_BUNDLE_IDENTIFIER = Khafajii.CatchMeUITests;
				PRODUCT_NAME = "$(TARGET_NAME)";
				SWIFT_EMIT_LOC_STRINGS = NO;
				SWIFT_VERSION = 5.0;
				TARGETED_DEVICE_FAMILY = "1,2";
				TEST_TARGET_NAME = CatchMe;
			};
			name = Release;
		};
/* End XCBuildConfiguration section */

/* Begin XCConfigurationList section */
		624DB1302B1924E600C20C31 /* Build configuration list for PBXProject "CatchMe" */ = {
			isa = XCConfigurationList;
			buildConfigurations = (
				624DB1572B1924E700C20C31 /* Debug */,
				624DB1582B1924E700C20C31 /* Release */,
			);
			defaultConfigurationIsVisible = 0;
			defaultConfigurationName = Release;
		};
		624DB1592B1924E700C20C31 /* Build configuration list for PBXNativeTarget "CatchMe" */ = {
			isa = XCConfigurationList;
			buildConfigurations = (
				624DB15A2B1924E700C20C31 /* Debug */,
				624DB15B2B1924E700C20C31 /* Release */,
			);
			defaultConfigurationIsVisible = 0;
			defaultConfigurationName = Release;
		};
		624DB15C2B1924E700C20C31 /* Build configuration list for PBXNativeTarget "CatchMeTests" */ = {
			isa = XCConfigurationList;
			buildConfigurations = (
				624DB15D2B1924E700C20C31 /* Debug */,
				624DB15E2B1924E700C20C31 /* Release */,
			);
			defaultConfigurationIsVisible = 0;
			defaultConfigurationName = Release;
		};
		624DB15F2B1924E700C20C31 /* Build configuration list for PBXNativeTarget "CatchMeUITests" */ = {
			isa = XCConfigurationList;
			buildConfigurations = (
				624DB1602B1924E700C20C31 /* Debug */,
				624DB1612B1924E700C20C31 /* Release */,
			);
			defaultConfigurationIsVisible = 0;
			defaultConfigurationName = Release;
		};
/* End XCConfigurationList section */
	};
	rootObject = 624DB12D2B1924E600C20C31 /* Project object */;
}
